
Microsoft Visual Studio Solution File, Format Version 12.00
# Visual Studio Version 17
VisualStudioVersion = 17.13.35818.85 d17.13
MinimumVisualStudioVersion = 10.0.40219.1
Project("{FAE04EC0-301F-11D3-BF4B-00C04F79EFBC}") = "Assignment5_CSE445_Group_62", "Assignment5_CSE445_Group_62.csproj", "{55F5F7A2-899D-4759-9EF8-D94B936B5823}"
EndProject
Global
	GlobalSection(SolutionConfigurationPlatforms) = preSolution
		Debug|Any CPU = Debug|Any CPU
		Release|Any CPU = Release|Any CPU
	EndGlobalSection
	GlobalSection(ProjectConfigurationPlatforms) = postSolution
		{55F5F7A2-899D-4759-9EF8-D94B936B5823}.Debug|Any CPU.ActiveCfg = Debug|Any CPU
		{55F5F7A2-899D-4759-9EF8-D94B936B5823}.Debug|Any CPU.Build.0 = Debug|Any CPU
		{55F5F7A2-899D-4759-9EF8-D94B936B5823}.Release|Any CPU.ActiveCfg = Release|Any CPU
		{55F5F7A2-899D-4759-9EF8-D94B936B5823}.Release|Any CPU.Build.0 = Release|Any CPU
	EndGlobalSection
	GlobalSection(SolutionProperties) = preSolution
		HideSolutionNode = FALSE
	EndGlobalSection
	GlobalSection(ExtensibilityGlobals) = postSolution
		SolutionGuid = {12B8CE79-D5A9-4080-BEE3-81FC47CE0F78}
	EndGlobalSection
EndGlobal
